
Microsoft Visual Studio Solution File, Format Version 12.00
# Visual Studio Version 17
VisualStudioVersion = 17.3.32819.101
MinimumVisualStudioVersion = 10.0.40219.1
Project("{9A19103F-16F7-4668-BE54-9A1E7A4F7556}") = "529Homework.Web", "529Homework.Web\529Homework.Web.csproj", "{06B15FC1-43C7-4E51-BFEE-6DE60F762598}"
EndProject
Project("{FAE04EC0-301F-11D3-BF4B-00C04F79EFBC}") = "529Homework.Data", "529Homework.Data\529Homework.Data.csproj", "{05FFFB8A-75DA-4489-8C28-504A7AEA9337}"
EndProject
Global
	GlobalSection(SolutionConfigurationPlatforms) = preSolution
		Debug|Any CPU = Debug|Any CPU
		Release|Any CPU = Release|Any CPU
	EndGlobalSection
	GlobalSection(ProjectConfigurationPlatforms) = postSolution
		{06B15FC1-43C7-4E51-BFEE-6DE60F762598}.Debug|Any CPU.ActiveCfg = Debug|Any CPU
		{06B15FC1-43C7-4E51-BFEE-6DE60F762598}.Debug|Any CPU.Build.0 = Debug|Any CPU
		{06B15FC1-43C7-4E51-BFEE-6DE60F762598}.Release|Any CPU.ActiveCfg = Release|Any CPU
		{06B15FC1-43C7-4E51-BFEE-6DE60F762598}.Release|Any CPU.Build.0 = Release|Any CPU
		{05FFFB8A-75DA-4489-8C28-504A7AEA9337}.Debug|Any CPU.ActiveCfg = Debug|Any CPU
		{05FFFB8A-75DA-4489-8C28-504A7AEA9337}.Debug|Any CPU.Build.0 = Debug|Any CPU
		{05FFFB8A-75DA-4489-8C28-504A7AEA9337}.Release|Any CPU.ActiveCfg = Release|Any CPU
		{05FFFB8A-75DA-4489-8C28-504A7AEA9337}.Release|Any CPU.Build.0 = Release|Any CPU
	EndGlobalSection
	GlobalSection(SolutionProperties) = preSolution
		HideSolutionNode = FALSE
	EndGlobalSection
	GlobalSection(ExtensibilityGlobals) = postSolution
		SolutionGuid = {A130A55E-869E-4800-B827-E72BF8DA0B2E}
	EndGlobalSection
EndGlobal
